
Microsoft Visual Studio Solution File, Format Version 12.00
# Visual Studio 2013
VisualStudioVersion = 12.0.40629.0
MinimumVisualStudioVersion = 10.0.40219.1
Project("{FAE04EC0-301F-11D3-BF4B-00C04F79EFBC}") = "Placebo.Injection", "Placebo\src\Placebo.Injection\Placebo.Injection.csproj", "{5F1251A2-BD74-45BF-AD32-8A58317E4FEC}"
EndProject
Project("{FAE04EC0-301F-11D3-BF4B-00C04F79EFBC}") = "Placebo.Logging", "Placebo\src\Placebo.Logging\Placebo.Logging.csproj", "{4E11A6F7-150C-4176-8F12-82772E7EFDA3}"
EndProject
Project("{FAE04EC0-301F-11D3-BF4B-00C04F79EFBC}") = "Placebo.Functional", "Placebo\src\Placebo.Functional\Placebo.Functional.csproj", "{EB46315F-4EB1-475C-B870-20D5B8346775}"
EndProject
Project("{2150E333-8FDC-42A3-9474-1A3956D46DE8}") = "Placebo", "Placebo", "{66269278-B3D0-4739-BD05-CFC4F36579EB}"
EndProject
Project("{FAE04EC0-301F-11D3-BF4B-00C04F79EFBC}") = "ZoneLink.Wpf", "ZoneLink.Wpf\ZoneLink.Wpf.csproj", "{ABEAEFAA-0895-43D3-94B7-8B8BF32EDEDF}"
EndProject
Global
	GlobalSection(SolutionConfigurationPlatforms) = preSolution
		Debug|Any CPU = Debug|Any CPU
		Release|Any CPU = Release|Any CPU
	EndGlobalSection
	GlobalSection(ProjectConfigurationPlatforms) = postSolution
		{5F1251A2-BD74-45BF-AD32-8A58317E4FEC}.Debug|Any CPU.ActiveCfg = Debug|Any CPU
		{5F1251A2-BD74-45BF-AD32-8A58317E4FEC}.Debug|Any CPU.Build.0 = Debug|Any CPU
		{5F1251A2-BD74-45BF-AD32-8A58317E4FEC}.Release|Any CPU.ActiveCfg = Release|Any CPU
		{5F1251A2-BD74-45BF-AD32-8A58317E4FEC}.Release|Any CPU.Build.0 = Release|Any CPU
		{4E11A6F7-150C-4176-8F12-82772E7EFDA3}.Debug|Any CPU.ActiveCfg = Debug|Any CPU
		{4E11A6F7-150C-4176-8F12-82772E7EFDA3}.Debug|Any CPU.Build.0 = Debug|Any CPU
		{4E11A6F7-150C-4176-8F12-82772E7EFDA3}.Release|Any CPU.ActiveCfg = Release|Any CPU
		{4E11A6F7-150C-4176-8F12-82772E7EFDA3}.Release|Any CPU.Build.0 = Release|Any CPU
		{EB46315F-4EB1-475C-B870-20D5B8346775}.Debug|Any CPU.ActiveCfg = Debug|Any CPU
		{EB46315F-4EB1-475C-B870-20D5B8346775}.Debug|Any CPU.Build.0 = Debug|Any CPU
		{EB46315F-4EB1-475C-B870-20D5B8346775}.Release|Any CPU.ActiveCfg = Release|Any CPU
		{EB46315F-4EB1-475C-B870-20D5B8346775}.Release|Any CPU.Build.0 = Release|Any CPU
		{ABEAEFAA-0895-43D3-94B7-8B8BF32EDEDF}.Debug|Any CPU.ActiveCfg = Debug|Any CPU
		{ABEAEFAA-0895-43D3-94B7-8B8BF32EDEDF}.Debug|Any CPU.Build.0 = Debug|Any CPU
		{ABEAEFAA-0895-43D3-94B7-8B8BF32EDEDF}.Release|Any CPU.ActiveCfg = Release|Any CPU
		{ABEAEFAA-0895-43D3-94B7-8B8BF32EDEDF}.Release|Any CPU.Build.0 = Release|Any CPU
	EndGlobalSection
	GlobalSection(SolutionProperties) = preSolution
		HideSolutionNode = FALSE
	EndGlobalSection
	GlobalSection(NestedProjects) = preSolution
		{5F1251A2-BD74-45BF-AD32-8A58317E4FEC} = {66269278-B3D0-4739-BD05-CFC4F36579EB}
		{4E11A6F7-150C-4176-8F12-82772E7EFDA3} = {66269278-B3D0-4739-BD05-CFC4F36579EB}
		{EB46315F-4EB1-475C-B870-20D5B8346775} = {66269278-B3D0-4739-BD05-CFC4F36579EB}
	EndGlobalSection
EndGlobal
